
Microsoft Visual Studio Solution File, Format Version 12.00
# Visual Studio 15
VisualStudioVersion = 15.0.27703.2026
MinimumVisualStudioVersion = 10.0.40219.1
Project("{FAE04EC0-301F-11D3-BF4B-00C04F79EFBC}") = "TogglePOV", "TogglePOV\TogglePOV.csproj", "{32FF30DC-5D51-4321-BA3C-9B63014CA9CD}"
EndProject
Project("{FAE04EC0-301F-11D3-BF4B-00C04F79EFBC}") = "HideUI", "HideUI\HideUI.csproj", "{9A4E30DD-48B4-438A-A6D4-4D7ADA297C09}"
EndProject
Project("{FAE04EC0-301F-11D3-BF4B-00C04F79EFBC}") = "ModSettingsMenu", "ModSettingsMenu\ModSettingsMenu.csproj", "{43334E79-A3EB-45B1-BEB2-F9B8FD88CFB4}"
EndProject
Project("{FAE04EC0-301F-11D3-BF4B-00C04F79EFBC}") = "ModMenuManager", "ModMenuManager\ModMenuManager.csproj", "{6146B29E-5667-4FE9-94A2-AA48169A3D5C}"
EndProject
Project("{FAE04EC0-301F-11D3-BF4B-00C04F79EFBC}") = "BetterSceneLoader", "BetterSceneLoader\BetterSceneLoader.csproj", "{70505D5A-81F9-485D-BFB3-346BDEB7B6BB}"
EndProject
Project("{FAE04EC0-301F-11D3-BF4B-00C04F79EFBC}") = "AutoModReload", "AutoModReload\AutoModReload.csproj", "{BE77F310-DFE0-414F-AEB9-BF1868E97AE6}"
EndProject
Project("{FAE04EC0-301F-11D3-BF4B-00C04F79EFBC}") = "NeckLookMod", "NeckLookMod\NeckLookMod.csproj", "{70D1A8E3-139E-45E1-8905-506CE1BF5A42}"
EndProject
Project("{FAE04EC0-301F-11D3-BF4B-00C04F79EFBC}") = "LightManager", "LightManager\LightManager.csproj", "{F803DB48-8542-470E-B467-C9E5BFE95139}"
EndProject
Project("{FAE04EC0-301F-11D3-BF4B-00C04F79EFBC}") = "HSTesting", "HSTesting\HSTesting.csproj", "{0C7B6047-36B7-4B7D-B84D-C9A7767219AC}"
EndProject
Project("{FAE04EC0-301F-11D3-BF4B-00C04F79EFBC}") = "ExpressiveExpressions", "ExpressiveExpressions\ExpressiveExpressions.csproj", "{1B8DA114-30D5-49B6-A304-9A2B8BD8B3E9}"
EndProject
Project("{FAE04EC0-301F-11D3-BF4B-00C04F79EFBC}") = "NeckSettings", "NeckSettings\NeckSettings.csproj", "{592DDE0B-BC4C-475F-A850-56A9F914EAB6}"
EndProject
Project("{FAE04EC0-301F-11D3-BF4B-00C04F79EFBC}") = "FutaShortcut", "FutaShortcut\FutaShortcut.csproj", "{DC6B1AE6-DEBA-4A52-B272-952D537E3FD7}"
EndProject
Project("{FAE04EC0-301F-11D3-BF4B-00C04F79EFBC}") = "BetterClothingMenu", "BetterClothingMenu\BetterClothingMenu.csproj", "{EB46C962-A0E4-4569-AE8E-124286CD710C}"
EndProject
Project("{FAE04EC0-301F-11D3-BF4B-00C04F79EFBC}") = "Harmony4KPatch", "Harmony4KPatch\Harmony4KPatch.csproj", "{0EE2DF3C-BA8E-49BF-9C7F-DFE2D03CB904}"
EndProject
Project("{FAE04EC0-301F-11D3-BF4B-00C04F79EFBC}") = "CardOrganizer", "CardCategorizer\CardOrganizer.csproj", "{FB2A2917-36B6-4DB4-BBCC-C18C1052B0D1}"
EndProject
Project("{FAE04EC0-301F-11D3-BF4B-00C04F79EFBC}") = "TitleShortcuts", "TitleShortcuts\TitleShortcuts.csproj", "{A77F6F02-1DD5-450A-BE87-30FA910C2F8B}"
EndProject
Project("{D954291E-2A0B-460D-934E-DC6B0785DB48}") = "UILib", "UIUtility\UILib.shproj", "{64405B83-836F-4B26-9317-D9891A8F6945}"
EndProject
Global
	GlobalSection(SharedMSBuildProjectFiles) = preSolution
		UIUtility\UIUtility.projitems*{43334e79-a3eb-45b1-beb2-f9b8fd88cfb4}*SharedItemsImports = 4
		UIUtility\UIUtility.projitems*{6146b29e-5667-4fe9-94a2-aa48169a3d5c}*SharedItemsImports = 4
		UIUtility\UIUtility.projitems*{64405b83-836f-4b26-9317-d9891a8f6945}*SharedItemsImports = 13
		UIUtility\UIUtility.projitems*{f803db48-8542-470e-b467-c9e5bfe95139}*SharedItemsImports = 4
	EndGlobalSection
	GlobalSection(SolutionConfigurationPlatforms) = preSolution
		Debug|Any CPU = Debug|Any CPU
		Release|Any CPU = Release|Any CPU
	EndGlobalSection
	GlobalSection(ProjectConfigurationPlatforms) = postSolution
		{32FF30DC-5D51-4321-BA3C-9B63014CA9CD}.Debug|Any CPU.ActiveCfg = Debug|Any CPU
		{32FF30DC-5D51-4321-BA3C-9B63014CA9CD}.Debug|Any CPU.Build.0 = Debug|Any CPU
		{32FF30DC-5D51-4321-BA3C-9B63014CA9CD}.Release|Any CPU.ActiveCfg = Release|Any CPU
		{32FF30DC-5D51-4321-BA3C-9B63014CA9CD}.Release|Any CPU.Build.0 = Release|Any CPU
		{9A4E30DD-48B4-438A-A6D4-4D7ADA297C09}.Debug|Any CPU.ActiveCfg = Debug|Any CPU
		{9A4E30DD-48B4-438A-A6D4-4D7ADA297C09}.Debug|Any CPU.Build.0 = Debug|Any CPU
		{9A4E30DD-48B4-438A-A6D4-4D7ADA297C09}.Release|Any CPU.ActiveCfg = Release|Any CPU
		{9A4E30DD-48B4-438A-A6D4-4D7ADA297C09}.Release|Any CPU.Build.0 = Release|Any CPU
		{43334E79-A3EB-45B1-BEB2-F9B8FD88CFB4}.Debug|Any CPU.ActiveCfg = Debug|Any CPU
		{43334E79-A3EB-45B1-BEB2-F9B8FD88CFB4}.Debug|Any CPU.Build.0 = Debug|Any CPU
		{43334E79-A3EB-45B1-BEB2-F9B8FD88CFB4}.Release|Any CPU.ActiveCfg = Release|Any CPU
		{43334E79-A3EB-45B1-BEB2-F9B8FD88CFB4}.Release|Any CPU.Build.0 = Release|Any CPU
		{6146B29E-5667-4FE9-94A2-AA48169A3D5C}.Debug|Any CPU.ActiveCfg = Debug|Any CPU
		{6146B29E-5667-4FE9-94A2-AA48169A3D5C}.Debug|Any CPU.Build.0 = Debug|Any CPU
		{6146B29E-5667-4FE9-94A2-AA48169A3D5C}.Release|Any CPU.ActiveCfg = Release|Any CPU
		{6146B29E-5667-4FE9-94A2-AA48169A3D5C}.Release|Any CPU.Build.0 = Release|Any CPU
		{70505D5A-81F9-485D-BFB3-346BDEB7B6BB}.Debug|Any CPU.ActiveCfg = Debug|Any CPU
		{70505D5A-81F9-485D-BFB3-346BDEB7B6BB}.Release|Any CPU.ActiveCfg = Release|Any CPU
		{70505D5A-81F9-485D-BFB3-346BDEB7B6BB}.Release|Any CPU.Build.0 = Release|Any CPU
		{BE77F310-DFE0-414F-AEB9-BF1868E97AE6}.Debug|Any CPU.ActiveCfg = Debug|Any CPU
		{BE77F310-DFE0-414F-AEB9-BF1868E97AE6}.Release|Any CPU.ActiveCfg = Release|Any CPU
		{BE77F310-DFE0-414F-AEB9-BF1868E97AE6}.Release|Any CPU.Build.0 = Release|Any CPU
		{70D1A8E3-139E-45E1-8905-506CE1BF5A42}.Debug|Any CPU.ActiveCfg = Debug|Any CPU
		{70D1A8E3-139E-45E1-8905-506CE1BF5A42}.Release|Any CPU.ActiveCfg = Release|Any CPU
		{70D1A8E3-139E-45E1-8905-506CE1BF5A42}.Release|Any CPU.Build.0 = Release|Any CPU
		{F803DB48-8542-470E-B467-C9E5BFE95139}.Debug|Any CPU.ActiveCfg = Debug|Any CPU
		{F803DB48-8542-470E-B467-C9E5BFE95139}.Debug|Any CPU.Build.0 = Debug|Any CPU
		{F803DB48-8542-470E-B467-C9E5BFE95139}.Release|Any CPU.ActiveCfg = Release|Any CPU
		{F803DB48-8542-470E-B467-C9E5BFE95139}.Release|Any CPU.Build.0 = Release|Any CPU
		{0C7B6047-36B7-4B7D-B84D-C9A7767219AC}.Debug|Any CPU.ActiveCfg = Debug|Any CPU
		{0C7B6047-36B7-4B7D-B84D-C9A7767219AC}.Release|Any CPU.ActiveCfg = Release|Any CPU
		{0C7B6047-36B7-4B7D-B84D-C9A7767219AC}.Release|Any CPU.Build.0 = Release|Any CPU
		{1B8DA114-30D5-49B6-A304-9A2B8BD8B3E9}.Debug|Any CPU.ActiveCfg = Debug|Any CPU
		{1B8DA114-30D5-49B6-A304-9A2B8BD8B3E9}.Debug|Any CPU.Build.0 = Debug|Any CPU
		{1B8DA114-30D5-49B6-A304-9A2B8BD8B3E9}.Release|Any CPU.ActiveCfg = Release|Any CPU
		{1B8DA114-30D5-49B6-A304-9A2B8BD8B3E9}.Release|Any CPU.Build.0 = Release|Any CPU
		{592DDE0B-BC4C-475F-A850-56A9F914EAB6}.Debug|Any CPU.ActiveCfg = Debug|Any CPU
		{592DDE0B-BC4C-475F-A850-56A9F914EAB6}.Debug|Any CPU.Build.0 = Debug|Any CPU
		{592DDE0B-BC4C-475F-A850-56A9F914EAB6}.Release|Any CPU.ActiveCfg = Release|Any CPU
		{592DDE0B-BC4C-475F-A850-56A9F914EAB6}.Release|Any CPU.Build.0 = Release|Any CPU
		{DC6B1AE6-DEBA-4A52-B272-952D537E3FD7}.Debug|Any CPU.ActiveCfg = Debug|Any CPU
		{DC6B1AE6-DEBA-4A52-B272-952D537E3FD7}.Debug|Any CPU.Build.0 = Debug|Any CPU
		{DC6B1AE6-DEBA-4A52-B272-952D537E3FD7}.Release|Any CPU.ActiveCfg = Release|Any CPU
		{DC6B1AE6-DEBA-4A52-B272-952D537E3FD7}.Release|Any CPU.Build.0 = Release|Any CPU
		{EB46C962-A0E4-4569-AE8E-124286CD710C}.Debug|Any CPU.ActiveCfg = Debug|Any CPU
		{EB46C962-A0E4-4569-AE8E-124286CD710C}.Debug|Any CPU.Build.0 = Debug|Any CPU
		{EB46C962-A0E4-4569-AE8E-124286CD710C}.Release|Any CPU.ActiveCfg = Release|Any CPU
		{EB46C962-A0E4-4569-AE8E-124286CD710C}.Release|Any CPU.Build.0 = Release|Any CPU
		{0EE2DF3C-BA8E-49BF-9C7F-DFE2D03CB904}.Debug|Any CPU.ActiveCfg = Debug|Any CPU
		{0EE2DF3C-BA8E-49BF-9C7F-DFE2D03CB904}.Release|Any CPU.ActiveCfg = Release|Any CPU
		{0EE2DF3C-BA8E-49BF-9C7F-DFE2D03CB904}.Release|Any CPU.Build.0 = Release|Any CPU
		{FB2A2917-36B6-4DB4-BBCC-C18C1052B0D1}.Debug|Any CPU.ActiveCfg = Debug|Any CPU
		{FB2A2917-36B6-4DB4-BBCC-C18C1052B0D1}.Release|Any CPU.ActiveCfg = Release|Any CPU
		{FB2A2917-36B6-4DB4-BBCC-C18C1052B0D1}.Release|Any CPU.Build.0 = Release|Any CPU
		{A77F6F02-1DD5-450A-BE87-30FA910C2F8B}.Debug|Any CPU.ActiveCfg = Debug|Any CPU
		{A77F6F02-1DD5-450A-BE87-30FA910C2F8B}.Debug|Any CPU.Build.0 = Debug|Any CPU
		{A77F6F02-1DD5-450A-BE87-30FA910C2F8B}.Release|Any CPU.ActiveCfg = Release|Any CPU
		{A77F6F02-1DD5-450A-BE87-30FA910C2F8B}.Release|Any CPU.Build.0 = Release|Any CPU
	EndGlobalSection
	GlobalSection(SolutionProperties) = preSolution
		HideSolutionNode = FALSE
	EndGlobalSection
	GlobalSection(ExtensibilityGlobals) = postSolution
		SolutionGuid = {FC49BECC-77EA-472C-A9FE-EFA4316F5EAC}
	EndGlobalSection
EndGlobal
