
Microsoft Visual Studio Solution File, Format Version 12.00
# Visual Studio 14
VisualStudioVersion = 14.0.25420.1
MinimumVisualStudioVersion = 10.0.40219.1
Project("{FAE04EC0-301F-11D3-BF4B-00C04F79EFBC}") = "TogglePOV_IPlugin", "TogglePOVIPlugin\TogglePOV_IPlugin.csproj", "{32FF30DC-5D51-4321-BA3C-9B63014CA9CD}"
EndProject
Project("{FAE04EC0-301F-11D3-BF4B-00C04F79EFBC}") = "HideUI_IPlugin", "HideUI_IPlugin\HideUI_IPlugin.csproj", "{9A4E30DD-48B4-438A-A6D4-4D7ADA297C09}"
EndProject
Project("{FAE04EC0-301F-11D3-BF4B-00C04F79EFBC}") = "ModSettingsMenu_IPlugin", "ModSettingsMenu_IPlugin\ModSettingsMenu_IPlugin.csproj", "{43334E79-A3EB-45B1-BEB2-F9B8FD88CFB4}"
EndProject
Project("{FAE04EC0-301F-11D3-BF4B-00C04F79EFBC}") = "ModMenuManager_IPlugin", "ModMenuManager_IPlugin\ModMenuManager_IPlugin.csproj", "{6146B29E-5667-4FE9-94A2-AA48169A3D5C}"
EndProject
Project("{FAE04EC0-301F-11D3-BF4B-00C04F79EFBC}") = "BetterSceneLoader_IPlugin", "BetterSceneLoader_IPlugin\BetterSceneLoader_IPlugin.csproj", "{70505D5A-81F9-485D-BFB3-346BDEB7B6BB}"
EndProject
Project("{FAE04EC0-301F-11D3-BF4B-00C04F79EFBC}") = "AutoModReload", "AutoModReload\AutoModReload.csproj", "{BE77F310-DFE0-414F-AEB9-BF1868E97AE6}"
EndProject
Project("{FAE04EC0-301F-11D3-BF4B-00C04F79EFBC}") = "NeckLookMod", "NeckLookMod\NeckLookMod.csproj", "{70D1A8E3-139E-45E1-8905-506CE1BF5A42}"
EndProject
Project("{FAE04EC0-301F-11D3-BF4B-00C04F79EFBC}") = "LightManager", "LightManager\LightManager.csproj", "{F803DB48-8542-470E-B467-C9E5BFE95139}"
EndProject
Global
	GlobalSection(SolutionConfigurationPlatforms) = preSolution
		Debug|Any CPU = Debug|Any CPU
		Release|Any CPU = Release|Any CPU
	EndGlobalSection
	GlobalSection(ProjectConfigurationPlatforms) = postSolution
		{32FF30DC-5D51-4321-BA3C-9B63014CA9CD}.Debug|Any CPU.ActiveCfg = Debug|Any CPU
		{32FF30DC-5D51-4321-BA3C-9B63014CA9CD}.Debug|Any CPU.Build.0 = Debug|Any CPU
		{32FF30DC-5D51-4321-BA3C-9B63014CA9CD}.Release|Any CPU.ActiveCfg = Release|Any CPU
		{32FF30DC-5D51-4321-BA3C-9B63014CA9CD}.Release|Any CPU.Build.0 = Release|Any CPU
		{9A4E30DD-48B4-438A-A6D4-4D7ADA297C09}.Debug|Any CPU.ActiveCfg = Debug|Any CPU
		{9A4E30DD-48B4-438A-A6D4-4D7ADA297C09}.Debug|Any CPU.Build.0 = Debug|Any CPU
		{9A4E30DD-48B4-438A-A6D4-4D7ADA297C09}.Release|Any CPU.ActiveCfg = Release|Any CPU
		{9A4E30DD-48B4-438A-A6D4-4D7ADA297C09}.Release|Any CPU.Build.0 = Release|Any CPU
		{43334E79-A3EB-45B1-BEB2-F9B8FD88CFB4}.Debug|Any CPU.ActiveCfg = Debug|Any CPU
		{43334E79-A3EB-45B1-BEB2-F9B8FD88CFB4}.Debug|Any CPU.Build.0 = Debug|Any CPU
		{43334E79-A3EB-45B1-BEB2-F9B8FD88CFB4}.Release|Any CPU.ActiveCfg = Release|Any CPU
		{43334E79-A3EB-45B1-BEB2-F9B8FD88CFB4}.Release|Any CPU.Build.0 = Release|Any CPU
		{6146B29E-5667-4FE9-94A2-AA48169A3D5C}.Debug|Any CPU.ActiveCfg = Debug|Any CPU
		{6146B29E-5667-4FE9-94A2-AA48169A3D5C}.Debug|Any CPU.Build.0 = Debug|Any CPU
		{6146B29E-5667-4FE9-94A2-AA48169A3D5C}.Release|Any CPU.ActiveCfg = Release|Any CPU
		{6146B29E-5667-4FE9-94A2-AA48169A3D5C}.Release|Any CPU.Build.0 = Release|Any CPU
		{70505D5A-81F9-485D-BFB3-346BDEB7B6BB}.Debug|Any CPU.ActiveCfg = Debug|Any CPU
		{70505D5A-81F9-485D-BFB3-346BDEB7B6BB}.Debug|Any CPU.Build.0 = Debug|Any CPU
		{70505D5A-81F9-485D-BFB3-346BDEB7B6BB}.Release|Any CPU.ActiveCfg = Release|Any CPU
		{70505D5A-81F9-485D-BFB3-346BDEB7B6BB}.Release|Any CPU.Build.0 = Release|Any CPU
		{BE77F310-DFE0-414F-AEB9-BF1868E97AE6}.Debug|Any CPU.ActiveCfg = Debug|Any CPU
		{BE77F310-DFE0-414F-AEB9-BF1868E97AE6}.Release|Any CPU.ActiveCfg = Release|Any CPU
		{BE77F310-DFE0-414F-AEB9-BF1868E97AE6}.Release|Any CPU.Build.0 = Release|Any CPU
		{70D1A8E3-139E-45E1-8905-506CE1BF5A42}.Debug|Any CPU.ActiveCfg = Debug|Any CPU
		{70D1A8E3-139E-45E1-8905-506CE1BF5A42}.Debug|Any CPU.Build.0 = Debug|Any CPU
		{70D1A8E3-139E-45E1-8905-506CE1BF5A42}.Release|Any CPU.ActiveCfg = Release|Any CPU
		{70D1A8E3-139E-45E1-8905-506CE1BF5A42}.Release|Any CPU.Build.0 = Release|Any CPU
		{F803DB48-8542-470E-B467-C9E5BFE95139}.Debug|Any CPU.ActiveCfg = Debug|Any CPU
		{F803DB48-8542-470E-B467-C9E5BFE95139}.Debug|Any CPU.Build.0 = Debug|Any CPU
		{F803DB48-8542-470E-B467-C9E5BFE95139}.Release|Any CPU.ActiveCfg = Release|Any CPU
		{F803DB48-8542-470E-B467-C9E5BFE95139}.Release|Any CPU.Build.0 = Release|Any CPU
	EndGlobalSection
	GlobalSection(SolutionProperties) = preSolution
		HideSolutionNode = FALSE
	EndGlobalSection
EndGlobal
